// !$*UTF8*$!
{
	archiveVersion = 1;
	classes = {
	};
	objectVersion = 50;
	objects = {

/* Begin PBXBuildFile section */
		4EBAD67E24AAC85D00351A94 /* AppDelegate.swift in Sources */ = {isa = PBXBuildFile; fileRef = 4EBAD67D24AAC85D00351A94 /* AppDelegate.swift */; };
		4EBAD68124AAC85D00351A94 /* TestCoreDataUI.xcdatamodeld in Sources */ = {isa = PBXBuildFile; fileRef = 4EBAD67F24AAC85D00351A94 /* TestCoreDataUI.xcdatamodeld */; };
		4EBAD68324AAC85D00351A94 /* SceneDelegate.swift in Sources */ = {isa = PBXBuildFile; fileRef = 4EBAD68224AAC85D00351A94 /* SceneDelegate.swift */; };
		4EBAD68524AAC85D00351A94 /* MasterViewController.swift in Sources */ = {isa = PBXBuildFile; fileRef = 4EBAD68424AAC85D00351A94 /* MasterViewController.swift */; };
		4EBAD68724AAC85D00351A94 /* DetailViewController.swift in Sources */ = {isa = PBXBuildFile; fileRef = 4EBAD68624AAC85D00351A94 /* DetailViewController.swift */; };
		4EBAD68A24AAC85D00351A94 /* Main.storyboard in Resources */ = {isa = PBXBuildFile; fileRef = 4EBAD68824AAC85D00351A94 /* Main.storyboard */; };
		4EBAD68C24AAC85F00351A94 /* Assets.xcassets in Resources */ = {isa = PBXBuildFile; fileRef = 4EBAD68B24AAC85F00351A94 /* Assets.xcassets */; };
		4EBAD68F24AAC85F00351A94 /* LaunchScreen.storyboard in Resources */ = {isa = PBXBuildFile; fileRef = 4EBAD68D24AAC85F00351A94 /* LaunchScreen.storyboard */; };
/* End PBXBuildFile section */

/* Begin PBXFileReference section */
		4EBAD67A24AAC85D00351A94 /* TestCoreDataUI.app */ = {isa = PBXFileReference; explicitFileType = wrapper.application; includeInIndex = 0; path = TestCoreDataUI.app; sourceTree = BUILT_PRODUCTS_DIR; };
		4EBAD67D24AAC85D00351A94 /* AppDelegate.swift */ = {isa = PBXFileReference; lastKnownFileType = sourcecode.swift; path = AppDelegate.swift; sourceTree = "<group>"; };
		4EBAD68024AAC85D00351A94 /* TestCoreDataUI.xcdatamodel */ = {isa = PBXFileReference; lastKnownFileType = wrapper.xcdatamodel; path = TestCoreDataUI.xcdatamodel; sourceTree = "<group>"; };
		4EBAD68224AAC85D00351A94 /* SceneDelegate.swift */ = {isa = PBXFileReference; lastKnownFileType = sourcecode.swift; path = SceneDelegate.swift; sourceTree = "<group>"; };
		4EBAD68424AAC85D00351A94 /* MasterViewController.swift */ = {isa = PBXFileReference; lastKnownFileType = sourcecode.swift; path = MasterViewController.swift; sourceTree = "<group>"; };
		4EBAD68624AAC85D00351A94 /* DetailViewController.swift */ = {isa = PBXFileReference; lastKnownFileType = sourcecode.swift; path = DetailViewController.swift; sourceTree = "<group>"; };
		4EBAD68924AAC85D00351A94 /* Base */ = {isa = PBXFileReference; lastKnownFileType = file.storyboard; name = Base; path = Base.lproj/Main.storyboard; sourceTree = "<group>"; };
		4EBAD68B24AAC85F00351A94 /* Assets.xcassets */ = {isa = PBXFileReference; lastKnownFileType = folder.assetcatalog; path = Assets.xcassets; sourceTree = "<group>"; };
		4EBAD68E24AAC85F00351A94 /* Base */ = {isa = PBXFileReference; lastKnownFileType = file.storyboard; name = Base; path = Base.lproj/LaunchScreen.storyboard; sourceTree = "<group>"; };
		4EBAD69024AAC85F00351A94 /* Info.plist */ = {isa = PBXFileReference; lastKnownFileType = text.plist.xml; path = Info.plist; sourceTree = "<group>"; };
		4EBAD69624AAC87600351A94 /* TestCoreDataUI.entitlements */ = {isa = PBXFileReference; lastKnownFileType = text.plist.entitlements; path = TestCoreDataUI.entitlements; sourceTree = "<group>"; };
/* End PBXFileReference section */

/* Begin PBXFrameworksBuildPhase section */
		4EBAD67724AAC85D00351A94 /* Frameworks */ = {
			isa = PBXFrameworksBuildPhase;
			buildActionMask = 2147483647;
			files = (
			);
			runOnlyForDeploymentPostprocessing = 0;
		};
/* End PBXFrameworksBuildPhase section */

/* Begin PBXGroup section */
		4EBAD67124AAC85D00351A94 = {
			isa = PBXGroup;
			children = (
				4EBAD67C24AAC85D00351A94 /* TestCoreDataUI */,
				4EBAD67B24AAC85D00351A94 /* Products */,
			);
			sourceTree = "<group>";
		};
		4EBAD67B24AAC85D00351A94 /* Products */ = {
			isa = PBXGroup;
			children = (
				4EBAD67A24AAC85D00351A94 /* TestCoreDataUI.app */,
			);
			name = Products;
			sourceTree = "<group>";
		};
		4EBAD67C24AAC85D00351A94 /* TestCoreDataUI */ = {
			isa = PBXGroup;
			children = (
				4EBAD69624AAC87600351A94 /* TestCoreDataUI.entitlements */,
				4EBAD67D24AAC85D00351A94 /* AppDelegate.swift */,
				4EBAD68224AAC85D00351A94 /* SceneDelegate.swift */,
				4EBAD68424AAC85D00351A94 /* MasterViewController.swift */,
				4EBAD68624AAC85D00351A94 /* DetailViewController.swift */,
				4EBAD68824AAC85D00351A94 /* Main.storyboard */,
				4EBAD68B24AAC85F00351A94 /* Assets.xcassets */,
				4EBAD68D24AAC85F00351A94 /* LaunchScreen.storyboard */,
				4EBAD69024AAC85F00351A94 /* Info.plist */,
				4EBAD67F24AAC85D00351A94 /* TestCoreDataUI.xcdatamodeld */,
			);
			path = TestCoreDataUI;
			sourceTree = "<group>";
		};
/* End PBXGroup section */

/* Begin PBXNativeTarget section */
		4EBAD67924AAC85D00351A94 /* TestCoreDataUI */ = {
			isa = PBXNativeTarget;
			buildConfigurationList = 4EBAD69324AAC85F00351A94 /* Build configuration list for PBXNativeTarget "TestCoreDataUI" */;
			buildPhases = (
				4EBAD67624AAC85D00351A94 /* Sources */,
				4EBAD67724AAC85D00351A94 /* Frameworks */,
				4EBAD67824AAC85D00351A94 /* Resources */,
			);
			buildRules = (
			);
			dependencies = (
			);
			name = TestCoreDataUI;
			productName = TestCoreDataUI;
			productReference = 4EBAD67A24AAC85D00351A94 /* TestCoreDataUI.app */;
			productType = "com.apple.product-type.application";
		};
/* End PBXNativeTarget section */

/* Begin PBXProject section */
		4EBAD67224AAC85D00351A94 /* Project object */ = {
			isa = PBXProject;
			attributes = {
				LastSwiftUpdateCheck = 1150;
				LastUpgradeCheck = 1200;
				ORGANIZATIONNAME = "Gene Backlin";
				TargetAttributes = {
					4EBAD67924AAC85D00351A94 = {
						CreatedOnToolsVersion = 11.5;
					};
				};
			};
			buildConfigurationList = 4EBAD67524AAC85D00351A94 /* Build configuration list for PBXProject "TestCoreDataUI" */;
			compatibilityVersion = "Xcode 9.3";
			developmentRegion = en;
			hasScannedForEncodings = 0;
			knownRegions = (
				en,
				Base,
			);
			mainGroup = 4EBAD67124AAC85D00351A94;
			productRefGroup = 4EBAD67B24AAC85D00351A94 /* Products */;
			projectDirPath = "";
			projectRoot = "";
			targets = (
				4EBAD67924AAC85D00351A94 /* TestCoreDataUI */,
			);
		};
/* End PBXProject section */

/* Begin PBXResourcesBuildPhase section */
		4EBAD67824AAC85D00351A94 /* Resources */ = {
			isa = PBXResourcesBuildPhase;
			buildActionMask = 2147483647;
			files = (
				4EBAD68F24AAC85F00351A94 /* LaunchScreen.storyboard in Resources */,
				4EBAD68C24AAC85F00351A94 /* Assets.xcassets in Resources */,
				4EBAD68A24AAC85D00351A94 /* Main.storyboard in Resources */,
			);
			runOnlyForDeploymentPostprocessing = 0;
		};
/* End PBXResourcesBuildPhase section */

/* Begin PBXSourcesBuildPhase section */
		4EBAD67624AAC85D00351A94 /* Sources */ = {
			isa = PBXSourcesBuildPhase;
			buildActionMask = 2147483647;
			files = (
				4EBAD68524AAC85D00351A94 /* MasterViewController.swift in Sources */,
				4EBAD68124AAC85D00351A94 /* TestCoreDataUI.xcdatamodeld in Sources */,
				4EBAD68724AAC85D00351A94 /* DetailViewController.swift in Sources */,
				4EBAD67E24AAC85D00351A94 /* AppDelegate.swift in Sources */,
				4EBAD68324AAC85D00351A94 /* SceneDelegate.swift in Sources */,
			);
			runOnlyForDeploymentPostprocessing = 0;
		};
/* End PBXSourcesBuildPhase section */

/* Begin PBXVariantGroup section */
		4EBAD68824AAC85D00351A94 /* Main.storyboard */ = {
			isa = PBXVariantGroup;
			children = (
				4EBAD68924AAC85D00351A94 /* Base */,
			);
			name = Main.storyboard;
			sourceTree = "<group>";
		};
		4EBAD68D24AAC85F00351A94 /* LaunchScreen.storyboard */ = {
			isa = PBXVariantGroup;
			children = (
				4EBAD68E24AAC85F00351A94 /* Base */,
			);
			name = LaunchScreen.storyboard;
			sourceTree = "<group>";
		};
/* End PBXVariantGroup section */

/* Begin XCBuildConfiguration section */
		4EBAD69124AAC85F00351A94 /* Debug */ = {
			isa = XCBuildConfiguration;
			buildSettings = {
				ALWAYS_SEARCH_USER_PATHS = NO;
				CLANG_ANALYZER_NONNULL = YES;
				CLANG_ANALYZER_NUMBER_OBJECT_CONVERSION = YES_AGGRESSIVE;
				CLANG_CXX_LANGUAGE_STANDARD = "gnu++14";
				CLANG_CXX_LIBRARY = "libc++";
				CLANG_ENABLE_MODULES = YES;
				CLANG_ENABLE_OBJC_ARC = YES;
				CLANG_ENABLE_OBJC_WEAK = YES;
				CLANG_WARN_BLOCK_CAPTURE_AUTORELEASING = YES;
				CLANG_WARN_BOOL_CONVERSION = YES;
				CLANG_WARN_COMMA = YES;
				CLANG_WARN_CONSTANT_CONVERSION = YES;
				CLANG_WARN_DEPRECATED_OBJC_IMPLEMENTATIONS = YES;
				CLANG_WARN_DIRECT_OBJC_ISA_USAGE = YES_ERROR;
				CLANG_WARN_DOCUMENTATION_COMMENTS = YES;
				CLANG_WARN_EMPTY_BODY = YES;
				CLANG_WARN_ENUM_CONVERSION = YES;
				CLANG_WARN_INFINITE_RECURSION = YES;
				CLANG_WARN_INT_CONVERSION = YES;
				CLANG_WARN_NON_LITERAL_NULL_CONVERSION = YES;
				CLANG_WARN_OBJC_IMPLICIT_RETAIN_SELF = YES;
				CLANG_WARN_OBJC_LITERAL_CONVERSION = YES;
				CLANG_WARN_OBJC_ROOT_CLASS = YES_ERROR;
				CLANG_WARN_QUOTED_INCLUDE_IN_FRAMEWORK_HEADER = YES;
				CLANG_WARN_RANGE_LOOP_ANALYSIS = YES;
				CLANG_WARN_STRICT_PROTOTYPES = YES;
				CLANG_WARN_SUSPICIOUS_MOVE = YES;
				CLANG_WARN_UNGUARDED_AVAILABILITY = YES_AGGRESSIVE;
				CLANG_WARN_UNREACHABLE_CODE = YES;
				CLANG_WARN__DUPLICATE_METHOD_MATCH = YES;
				COPY_PHASE_STRIP = NO;
				DEBUG_INFORMATION_FORMAT = dwarf;
				ENABLE_STRICT_OBJC_MSGSEND = YES;
				ENABLE_TESTABILITY = YES;
				GCC_C_LANGUAGE_STANDARD = gnu11;
				GCC_DYNAMIC_NO_PIC = NO;
				GCC_NO_COMMON_BLOCKS = YES;
				GCC_OPTIMIZATION_LEVEL = 0;
				GCC_PREPROCESSOR_DEFINITIONS = (
					"DEBUG=1",
					"$(inherited)",
				);
				GCC_WARN_64_TO_32_BIT_CONVERSION = YES;
				GCC_WARN_ABOUT_RETURN_TYPE = YES_ERROR;
				GCC_WARN_UNDECLARED_SELECTOR = YES;
				GCC_WARN_UNINITIALIZED_AUTOS = YES_AGGRESSIVE;
				GCC_WARN_UNUSED_FUNCTION = YES;
				GCC_WARN_UNUSED_VARIABLE = YES;
				IPHONEOS_DEPLOYMENT_TARGET = 13.1;
				MTL_ENABLE_DEBUG_INFO = INCLUDE_SOURCE;
				MTL_FAST_MATH = YES;
				ONLY_ACTIVE_ARCH = YES;
				SDKROOT = iphoneos;
				SWIFT_ACTIVE_COMPILATION_CONDITIONS = DEBUG;
				SWIFT_OPTIMIZATION_LEVEL = "-Onone";
			};
			name = Debug;
		};
		4EBAD69224AAC85F00351A94 /* Release */ = {
			isa = XCBuildConfiguration;
			buildSettings = {
				ALWAYS_SEARCH_USER_PATHS = NO;
				CLANG_ANALYZER_NONNULL = YES;
				CLANG_ANALYZER_NUMBER_OBJECT_CONVERSION = YES_AGGRESSIVE;
				CLANG_CXX_LANGUAGE_STANDARD = "gnu++14";
				CLANG_CXX_LIBRARY = "libc++";
				CLANG_ENABLE_MODULES = YES;
				CLANG_ENABLE_OBJC_ARC = YES;
				CLANG_ENABLE_OBJC_WEAK = YES;
				CLANG_WARN_BLOCK_CAPTURE_AUTORELEASING = YES;
				CLANG_WARN_BOOL_CONVERSION = YES;
				CLANG_WARN_COMMA = YES;
				CLANG_WARN_CONSTANT_CONVERSION = YES;
				CLANG_WARN_DEPRECATED_OBJC_IMPLEMENTATIONS = YES;
				CLANG_WARN_DIRECT_OBJC_ISA_USAGE = YES_ERROR;
				CLANG_WARN_DOCUMENTATION_COMMENTS = YES;
				CLANG_WARN_EMPTY_BODY = YES;
				CLANG_WARN_ENUM_CONVERSION = YES;
				CLANG_WARN_INFINITE_RECURSION = YES;
				CLANG_WARN_INT_CONVERSION = YES;
				CLANG_WARN_NON_LITERAL_NULL_CONVERSION = YES;
				CLANG_WARN_OBJC_IMPLICIT_RETAIN_SELF = YES;
				CLANG_WARN_OBJC_LITERAL_CONVERSION = YES;
				CLANG_WARN_OBJC_ROOT_CLASS = YES_ERROR;
				CLANG_WARN_QUOTED_INCLUDE_IN_FRAMEWORK_HEADER = YES;
				CLANG_WARN_RANGE_LOOP_ANALYSIS = YES;
				CLANG_WARN_STRICT_PROTOTYPES = YES;
				CLANG_WARN_SUSPICIOUS_MOVE = YES;
				CLANG_WARN_UNGUARDED_AVAILABILITY = YES_AGGRESSIVE;
				CLANG_WARN_UNREACHABLE_CODE = YES;
				CLANG_WARN__DUPLICATE_METHOD_MATCH = YES;
				COPY_PHASE_STRIP = NO;
				DEBUG_INFORMATION_FORMAT = "dwarf-with-dsym";
				ENABLE_NS_ASSERTIONS = NO;
				ENABLE_STRICT_OBJC_MSGSEND = YES;
				GCC_C_LANGUAGE_STANDARD = gnu11;
				GCC_NO_COMMON_BLOCKS = YES;
				GCC_WARN_64_TO_32_BIT_CONVERSION = YES;
				GCC_WARN_ABOUT_RETURN_TYPE = YES_ERROR;
				GCC_WARN_UNDECLARED_SELECTOR = YES;
				GCC_WARN_UNINITIALIZED_AUTOS = YES_AGGRESSIVE;
				GCC_WARN_UNUSED_FUNCTION = YES;
				GCC_WARN_UNUSED_VARIABLE = YES;
				IPHONEOS_DEPLOYMENT_TARGET = 13.1;
				MTL_ENABLE_DEBUG_INFO = NO;
				MTL_FAST_MATH = YES;
				SDKROOT = iphoneos;
				SWIFT_COMPILATION_MODE = wholemodule;
				SWIFT_OPTIMIZATION_LEVEL = "-O";
				VALIDATE_PRODUCT = YES;
			};
			name = Release;
		};
		4EBAD69424AAC85F00351A94 /* Debug */ = {
			isa = XCBuildConfiguration;
			buildSettings = {
				ASSETCATALOG_COMPILER_APPICON_NAME = AppIcon;
				CODE_SIGN_ENTITLEMENTS = TestCoreDataUI/TestCoreDataUI.entitlements;
				CODE_SIGN_IDENTITY = "iPhone Developer";
				"CODE_SIGN_IDENTITY[sdk=macosx*]" = "Apple Development";
				CODE_SIGN_STYLE = Manual;
				CURRENT_PROJECT_VERSION = 10;
				DEVELOPMENT_TEAM = 8DT5Y3HP4L;
				INFOPLIST_FILE = TestCoreDataUI/Info.plist;
				LD_RUNPATH_SEARCH_PATHS = (
					"$(inherited)",
					"@executable_path/Frameworks",
				);
				PRODUCT_BUNDLE_IDENTIFIER = com.marizack.TestCoreDataUI;
				PRODUCT_NAME = "$(TARGET_NAME)";
				PROVISIONING_PROFILE_SPECIFIER = "TestCoreDataUI Dev Prov Prof";
				"PROVISIONING_PROFILE_SPECIFIER[sdk=macosx*]" = "TestCoreDataUI Catalyst Dev Prov Prof";
				SUPPORTS_MACCATALYST = YES;
				SWIFT_VERSION = 5.0;
				TARGETED_DEVICE_FAMILY = "1,2";
			};
			name = Debug;
		};
		4EBAD69524AAC85F00351A94 /* Release */ = {
			isa = XCBuildConfiguration;
			buildSettings = {
				ASSETCATALOG_COMPILER_APPICON_NAME = AppIcon;
				CODE_SIGN_ENTITLEMENTS = TestCoreDataUI/TestCoreDataUI.entitlements;
				CODE_SIGN_IDENTITY = "iPhone Developer";
				"CODE_SIGN_IDENTITY[sdk=macosx*]" = "Apple Development";
				CODE_SIGN_STYLE = Manual;
				CURRENT_PROJECT_VERSION = 10;
				DEVELOPMENT_TEAM = 8DT5Y3HP4L;
				INFOPLIST_FILE = TestCoreDataUI/Info.plist;
				LD_RUNPATH_SEARCH_PATHS = (
					"$(inherited)",
					"@executable_path/Frameworks",
				);
				PRODUCT_BUNDLE_IDENTIFIER = com.marizack.TestCoreDataUI;
				PRODUCT_NAME = "$(TARGET_NAME)";
				PROVISIONING_PROFILE_SPECIFIER = "TestCoreDataUI Dev Prov Prof";
				"PROVISIONING_PROFILE_SPECIFIER[sdk=macosx*]" = "TestCoreDataUI Catalyst Dev Prov Prof";
				SUPPORTS_MACCATALYST = YES;
				SWIFT_VERSION = 5.0;
				TARGETED_DEVICE_FAMILY = "1,2";
			};
			name = Release;
		};
/* End XCBuildConfiguration section */

/* Begin XCConfigurationList section */
		4EBAD67524AAC85D00351A94 /* Build configuration list for PBXProject "TestCoreDataUI" */ = {
			isa = XCConfigurationList;
			buildConfigurations = (
				4EBAD69124AAC85F00351A94 /* Debug */,
				4EBAD69224AAC85F00351A94 /* Release */,
			);
			defaultConfigurationIsVisible = 0;
			defaultConfigurationName = Release;
		};
		4EBAD69324AAC85F00351A94 /* Build configuration list for PBXNativeTarget "TestCoreDataUI" */ = {
			isa = XCConfigurationList;
			buildConfigurations = (
				4EBAD69424AAC85F00351A94 /* Debug */,
				4EBAD69524AAC85F00351A94 /* Release */,
			);
			defaultConfigurationIsVisible = 0;
			defaultConfigurationName = Release;
		};
/* End XCConfigurationList section */

/* Begin XCVersionGroup section */
		4EBAD67F24AAC85D00351A94 /* TestCoreDataUI.xcdatamodeld */ = {
			isa = XCVersionGroup;
			children = (
				4EBAD68024AAC85D00351A94 /* TestCoreDataUI.xcdatamodel */,
			);
			currentVersion = 4EBAD68024AAC85D00351A94 /* TestCoreDataUI.xcdatamodel */;
			path = TestCoreDataUI.xcdatamodeld;
			sourceTree = "<group>";
			versionGroupType = wrapper.xcdatamodel;
		};
/* End XCVersionGroup section */
	};
	rootObject = 4EBAD67224AAC85D00351A94 /* Project object */;
}
